<?xml version="1.0" encoding="utf-8"?>
<Project ToolsVersion="4.0" xmlns="http://schemas.microsoft.com/developer/msbuild/2003">
  <ItemGroup>
    <Filter Include="Windows">
      <UniqueIdentifier>{0dc551c9-d521-4340-a226-4fa0eae9a11f}</UniqueIdentifier>
    </Filter>
    <Filter Include="Windows\Resource">
      <UniqueIdentifier>{95e96e19-5238-4ccd-a254-54dfdb856a41}</UniqueIdentifier>
    </Filter>
    <Filter Include="Engine">
      <UniqueIdentifier>{3ac1bcdc-26d8-432a-83a1-b76d17aa2bc2}</UniqueIdentifier>
    </Filter>
    <Filter Include="Engine\Common">
      <UniqueIdentifier>{b6cd9176-4e65-4992-9d70-d2f450856197}</UniqueIdentifier>
    </Filter>
    <Filter Include="Windows\Header">
      <UniqueIdentifier>{9c8d85d5-925e-4ce5-b427-7f4269179484}</UniqueIdentifier>
    </Filter>
    <Filter Include="Engine\High level interface">
      <UniqueIdentifier>{82968461-4a16-48da-9d4b-2d1e0ab88793}</UniqueIdentifier>
    </Filter>
    <Filter Include="Engine\Input">
      <UniqueIdentifier>{305f10a1-927d-4738-8407-b5a8456a608d}</UniqueIdentifier>
    </Filter>
    <Filter Include="Engine\Time">
      <UniqueIdentifier>{1770d623-b29c-4293-87a0-4eb7049e6877}</UniqueIdentifier>
    </Filter>
    <Filter Include="Engine\Circle">
      <UniqueIdentifier>{25dfb4b8-98de-476d-b041-88db2936b83e}</UniqueIdentifier>
    </Filter>
    <Filter Include="Entity">
      <UniqueIdentifier>{fcedb1c7-ce2e-47ed-8be1-a5b30e7f7f10}</UniqueIdentifier>
    </Filter>
  </ItemGroup>
  <ItemGroup>
    <ClInclude Include="client.h">
      <Filter>Windows\Header</Filter>
    </ClInclude>
    <ClInclude Include="Resource.h">
      <Filter>Windows\Header</Filter>
    </ClInclude>
    <ClInclude Include="framework.h">
      <Filter>Windows\Header</Filter>
    </ClInclude>
    <ClInclude Include="targetver.h">
      <Filter>Windows\Header</Filter>
    </ClInclude>
    <ClInclude Include="console.h">
      <Filter>Engine\High level interface</Filter>
    </ClInclude>
    <ClInclude Include="Commoninclude.h">
      <Filter>Engine\Common</Filter>
    </ClInclude>
    <ClInclude Include="consoleMath.h">
      <Filter>Engine\Common</Filter>
    </ClInclude>
    <ClInclude Include="inputclass.h">
      <Filter>Engine\Input</Filter>
    </ClInclude>
    <ClInclude Include="Time.h">
      <Filter>Engine\Time</Filter>
    </ClInclude>
    <ClInclude Include="newcircle.h">
      <Filter>Engine\Circle</Filter>
    </ClInclude>
    <ClInclude Include="Scene.h" />
    <ClInclude Include="Entity.h">
      <Filter>Entity</Filter>
    </ClInclude>
  </ItemGroup>
  <ItemGroup>
    <Image Include="client.ico">
      <Filter>Windows\Resource</Filter>
    </Image>
    <Image Include="small.ico">
      <Filter>Windows\Resource</Filter>
    </Image>
  </ItemGroup>
  <ItemGroup>
    <ResourceCompile Include="client.rc">
      <Filter>Windows\Resource</Filter>
    </ResourceCompile>
  </ItemGroup>
  <ItemGroup>
    <ClCompile Include="console.cpp">
      <Filter>Engine\High level interface</Filter>
    </ClCompile>
    <ClCompile Include="main.cpp" />
    <ClCompile Include="inputclass.cpp">
      <Filter>Engine\Input</Filter>
    </ClCompile>
    <ClCompile Include="Time.cpp">
      <Filter>Engine\Time</Filter>
    </ClCompile>
    <ClCompile Include="newcircle.cpp">
      <Filter>Engine\Circle</Filter>
    </ClCompile>
    <ClCompile Include="Scene.cpp" />
    <ClCompile Include="Entity.cpp">
      <Filter>Entity</Filter>
    </ClCompile>
  </ItemGroup>
</Project>